
Microsoft Visual Studio Solution File, Format Version 12.00
# Visual Studio 15
VisualStudioVersion = 15.0.27130.2020
MinimumVisualStudioVersion = 10.0.40219.1
Project("{FAE04EC0-301F-11D3-BF4B-00C04F79EFBC}") = "nDistribute", "nDistribute\nDistribute.csproj", "{75709A81-D5F0-4186-9119-BD7E227ED1D6}"
EndProject
Project("{FAE04EC0-301F-11D3-BF4B-00C04F79EFBC}") = "nDistribute.Tests", "nDistribute.Tests\nDistribute.Tests.csproj", "{39D047CB-9194-4127-BFA8-5241455B50CC}"
EndProject
Project("{FAE04EC0-301F-11D3-BF4B-00C04F79EFBC}") = "nDistribute.UWP.Tests", "nDistribute.UWP.Tests\nDistribute.UWP.Tests.csproj", "{0644305F-D073-4D36-AF8F-A45E2EB0DC23}"
EndProject
Project("{9A19103F-16F7-4668-BE54-9A1E7A4F7556}") = "Eventually", "Eventually\Eventually.csproj", "{FB727AF9-7E10-40BC-9067-306AED359A88}"
EndProject
Project("{D954291E-2A0B-460D-934E-DC6B0785DB48}") = "Eventually.Shared", "Eventually.Shared\Eventually.Shared.shproj", "{1903EF6C-76B0-4BA7-B9DD-CAAEBC4A4E37}"
EndProject
Project("{D954291E-2A0B-460D-934E-DC6B0785DB48}") = "nDistribute.Shared", "nDistribute.Shared\nDistribute.Shared.shproj", "{2CCBCDD8-A1D6-4246-8E96-A922D0DE9506}"
EndProject
Project("{FAE04EC0-301F-11D3-BF4B-00C04F79EFBC}") = "nDistribute.TestExe", "nDistribute.TestExe\nDistribute.TestExe.csproj", "{DA6CD3EB-C300-44B1-BDEA-4A7EAB070FC7}"
EndProject
Project("{D954291E-2A0B-460D-934E-DC6B0785DB48}") = "nDistribute.Tests.Shared", "nDistribute.Tests.Shared\nDistribute.Tests.Shared.shproj", "{9AE928A8-191E-46F0-AAAD-C3C2154EEC10}"
EndProject
Project("{CC5FD16D-436D-48AD-A40C-5A424C6E3E79}") = "nDistribute.Azure", "nDistribute.Azure\nDistribute.Azure.ccproj", "{BAF84089-5842-4140-B0A2-F0A84C2B73A8}"
EndProject
Project("{2150E333-8FDC-42A3-9474-1A3956D46DE8}") = "Cloud", "Cloud", "{221B99CE-A1E9-46C7-B15D-9D00C2C28829}"
EndProject
Project("{FAE04EC0-301F-11D3-BF4B-00C04F79EFBC}") = "nDistribute.Azure.Worker", "nDistribute.Azure.Worker\nDistribute.Azure.Worker.csproj", "{E4A42A49-4710-42D4-B2F8-77309B42DAE7}"
EndProject
Global
	GlobalSection(SharedMSBuildProjectFiles) = preSolution
		Eventually.Shared\Eventually.Shared.projitems*{0644305f-d073-4d36-af8f-a45e2eb0dc23}*SharedItemsImports = 4
		nDistribute.Shared\nDistribute.Shared.projitems*{0644305f-d073-4d36-af8f-a45e2eb0dc23}*SharedItemsImports = 4
		Eventually.Shared\Eventually.Shared.projitems*{1903ef6c-76b0-4ba7-b9dd-caaebc4a4e37}*SharedItemsImports = 13
		nDistribute.Shared\nDistribute.Shared.projitems*{2ccbcdd8-a1d6-4246-8e96-a922d0de9506}*SharedItemsImports = 13
		Eventually.Shared\Eventually.Shared.projitems*{39d047cb-9194-4127-bfa8-5241455b50cc}*SharedItemsImports = 4
		nDistribute.Shared\nDistribute.Shared.projitems*{75709a81-d5f0-4186-9119-bd7e227ed1d6}*SharedItemsImports = 4
		nDistribute.Tests.Shared\nDistribute.Tests.Shared.projitems*{9ae928a8-191e-46f0-aaad-c3c2154eec10}*SharedItemsImports = 13
	EndGlobalSection
	GlobalSection(SolutionConfigurationPlatforms) = preSolution
		Debug|Any CPU = Debug|Any CPU
		Debug|ARM = Debug|ARM
		Debug|x64 = Debug|x64
		Debug|x86 = Debug|x86
		Release|Any CPU = Release|Any CPU
		Release|ARM = Release|ARM
		Release|x64 = Release|x64
		Release|x86 = Release|x86
	EndGlobalSection
	GlobalSection(ProjectConfigurationPlatforms) = postSolution
		{75709A81-D5F0-4186-9119-BD7E227ED1D6}.Debug|Any CPU.ActiveCfg = Debug|Any CPU
		{75709A81-D5F0-4186-9119-BD7E227ED1D6}.Debug|Any CPU.Build.0 = Debug|Any CPU
		{75709A81-D5F0-4186-9119-BD7E227ED1D6}.Debug|ARM.ActiveCfg = Debug|Any CPU
		{75709A81-D5F0-4186-9119-BD7E227ED1D6}.Debug|ARM.Build.0 = Debug|Any CPU
		{75709A81-D5F0-4186-9119-BD7E227ED1D6}.Debug|x64.ActiveCfg = Debug|Any CPU
		{75709A81-D5F0-4186-9119-BD7E227ED1D6}.Debug|x64.Build.0 = Debug|Any CPU
		{75709A81-D5F0-4186-9119-BD7E227ED1D6}.Debug|x86.ActiveCfg = Debug|Any CPU
		{75709A81-D5F0-4186-9119-BD7E227ED1D6}.Debug|x86.Build.0 = Debug|Any CPU
		{75709A81-D5F0-4186-9119-BD7E227ED1D6}.Release|Any CPU.ActiveCfg = Release|Any CPU
		{75709A81-D5F0-4186-9119-BD7E227ED1D6}.Release|Any CPU.Build.0 = Release|Any CPU
		{75709A81-D5F0-4186-9119-BD7E227ED1D6}.Release|ARM.ActiveCfg = Release|Any CPU
		{75709A81-D5F0-4186-9119-BD7E227ED1D6}.Release|ARM.Build.0 = Release|Any CPU
		{75709A81-D5F0-4186-9119-BD7E227ED1D6}.Release|x64.ActiveCfg = Release|Any CPU
		{75709A81-D5F0-4186-9119-BD7E227ED1D6}.Release|x64.Build.0 = Release|Any CPU
		{75709A81-D5F0-4186-9119-BD7E227ED1D6}.Release|x86.ActiveCfg = Release|Any CPU
		{75709A81-D5F0-4186-9119-BD7E227ED1D6}.Release|x86.Build.0 = Release|Any CPU
		{39D047CB-9194-4127-BFA8-5241455B50CC}.Debug|Any CPU.ActiveCfg = Debug|Any CPU
		{39D047CB-9194-4127-BFA8-5241455B50CC}.Debug|Any CPU.Build.0 = Debug|Any CPU
		{39D047CB-9194-4127-BFA8-5241455B50CC}.Debug|ARM.ActiveCfg = Debug|Any CPU
		{39D047CB-9194-4127-BFA8-5241455B50CC}.Debug|ARM.Build.0 = Debug|Any CPU
		{39D047CB-9194-4127-BFA8-5241455B50CC}.Debug|x64.ActiveCfg = Debug|Any CPU
		{39D047CB-9194-4127-BFA8-5241455B50CC}.Debug|x64.Build.0 = Debug|Any CPU
		{39D047CB-9194-4127-BFA8-5241455B50CC}.Debug|x86.ActiveCfg = Debug|Any CPU
		{39D047CB-9194-4127-BFA8-5241455B50CC}.Debug|x86.Build.0 = Debug|Any CPU
		{39D047CB-9194-4127-BFA8-5241455B50CC}.Release|Any CPU.ActiveCfg = Release|Any CPU
		{39D047CB-9194-4127-BFA8-5241455B50CC}.Release|Any CPU.Build.0 = Release|Any CPU
		{39D047CB-9194-4127-BFA8-5241455B50CC}.Release|ARM.ActiveCfg = Release|Any CPU
		{39D047CB-9194-4127-BFA8-5241455B50CC}.Release|ARM.Build.0 = Release|Any CPU
		{39D047CB-9194-4127-BFA8-5241455B50CC}.Release|x64.ActiveCfg = Release|Any CPU
		{39D047CB-9194-4127-BFA8-5241455B50CC}.Release|x64.Build.0 = Release|Any CPU
		{39D047CB-9194-4127-BFA8-5241455B50CC}.Release|x86.ActiveCfg = Release|Any CPU
		{39D047CB-9194-4127-BFA8-5241455B50CC}.Release|x86.Build.0 = Release|Any CPU
		{0644305F-D073-4D36-AF8F-A45E2EB0DC23}.Debug|Any CPU.ActiveCfg = Debug|x86
		{0644305F-D073-4D36-AF8F-A45E2EB0DC23}.Debug|ARM.ActiveCfg = Debug|ARM
		{0644305F-D073-4D36-AF8F-A45E2EB0DC23}.Debug|ARM.Build.0 = Debug|ARM
		{0644305F-D073-4D36-AF8F-A45E2EB0DC23}.Debug|ARM.Deploy.0 = Debug|ARM
		{0644305F-D073-4D36-AF8F-A45E2EB0DC23}.Debug|x64.ActiveCfg = Debug|x64
		{0644305F-D073-4D36-AF8F-A45E2EB0DC23}.Debug|x64.Build.0 = Debug|x64
		{0644305F-D073-4D36-AF8F-A45E2EB0DC23}.Debug|x64.Deploy.0 = Debug|x64
		{0644305F-D073-4D36-AF8F-A45E2EB0DC23}.Debug|x86.ActiveCfg = Debug|x86
		{0644305F-D073-4D36-AF8F-A45E2EB0DC23}.Debug|x86.Build.0 = Debug|x86
		{0644305F-D073-4D36-AF8F-A45E2EB0DC23}.Debug|x86.Deploy.0 = Debug|x86
		{0644305F-D073-4D36-AF8F-A45E2EB0DC23}.Release|Any CPU.ActiveCfg = Release|x86
		{0644305F-D073-4D36-AF8F-A45E2EB0DC23}.Release|ARM.ActiveCfg = Release|ARM
		{0644305F-D073-4D36-AF8F-A45E2EB0DC23}.Release|ARM.Build.0 = Release|ARM
		{0644305F-D073-4D36-AF8F-A45E2EB0DC23}.Release|ARM.Deploy.0 = Release|ARM
		{0644305F-D073-4D36-AF8F-A45E2EB0DC23}.Release|x64.ActiveCfg = Release|x64
		{0644305F-D073-4D36-AF8F-A45E2EB0DC23}.Release|x64.Build.0 = Release|x64
		{0644305F-D073-4D36-AF8F-A45E2EB0DC23}.Release|x64.Deploy.0 = Release|x64
		{0644305F-D073-4D36-AF8F-A45E2EB0DC23}.Release|x86.ActiveCfg = Release|x86
		{0644305F-D073-4D36-AF8F-A45E2EB0DC23}.Release|x86.Build.0 = Release|x86
		{0644305F-D073-4D36-AF8F-A45E2EB0DC23}.Release|x86.Deploy.0 = Release|x86
		{FB727AF9-7E10-40BC-9067-306AED359A88}.Debug|Any CPU.ActiveCfg = Debug|Any CPU
		{FB727AF9-7E10-40BC-9067-306AED359A88}.Debug|Any CPU.Build.0 = Debug|Any CPU
		{FB727AF9-7E10-40BC-9067-306AED359A88}.Debug|ARM.ActiveCfg = Debug|Any CPU
		{FB727AF9-7E10-40BC-9067-306AED359A88}.Debug|ARM.Build.0 = Debug|Any CPU
		{FB727AF9-7E10-40BC-9067-306AED359A88}.Debug|x64.ActiveCfg = Debug|Any CPU
		{FB727AF9-7E10-40BC-9067-306AED359A88}.Debug|x64.Build.0 = Debug|Any CPU
		{FB727AF9-7E10-40BC-9067-306AED359A88}.Debug|x86.ActiveCfg = Debug|Any CPU
		{FB727AF9-7E10-40BC-9067-306AED359A88}.Debug|x86.Build.0 = Debug|Any CPU
		{FB727AF9-7E10-40BC-9067-306AED359A88}.Release|Any CPU.ActiveCfg = Release|Any CPU
		{FB727AF9-7E10-40BC-9067-306AED359A88}.Release|Any CPU.Build.0 = Release|Any CPU
		{FB727AF9-7E10-40BC-9067-306AED359A88}.Release|ARM.ActiveCfg = Release|Any CPU
		{FB727AF9-7E10-40BC-9067-306AED359A88}.Release|ARM.Build.0 = Release|Any CPU
		{FB727AF9-7E10-40BC-9067-306AED359A88}.Release|x64.ActiveCfg = Release|Any CPU
		{FB727AF9-7E10-40BC-9067-306AED359A88}.Release|x64.Build.0 = Release|Any CPU
		{FB727AF9-7E10-40BC-9067-306AED359A88}.Release|x86.ActiveCfg = Release|Any CPU
		{FB727AF9-7E10-40BC-9067-306AED359A88}.Release|x86.Build.0 = Release|Any CPU
		{DA6CD3EB-C300-44B1-BDEA-4A7EAB070FC7}.Debug|Any CPU.ActiveCfg = Debug|Any CPU
		{DA6CD3EB-C300-44B1-BDEA-4A7EAB070FC7}.Debug|Any CPU.Build.0 = Debug|Any CPU
		{DA6CD3EB-C300-44B1-BDEA-4A7EAB070FC7}.Debug|ARM.ActiveCfg = Debug|Any CPU
		{DA6CD3EB-C300-44B1-BDEA-4A7EAB070FC7}.Debug|ARM.Build.0 = Debug|Any CPU
		{DA6CD3EB-C300-44B1-BDEA-4A7EAB070FC7}.Debug|x64.ActiveCfg = Debug|Any CPU
		{DA6CD3EB-C300-44B1-BDEA-4A7EAB070FC7}.Debug|x64.Build.0 = Debug|Any CPU
		{DA6CD3EB-C300-44B1-BDEA-4A7EAB070FC7}.Debug|x86.ActiveCfg = Debug|Any CPU
		{DA6CD3EB-C300-44B1-BDEA-4A7EAB070FC7}.Debug|x86.Build.0 = Debug|Any CPU
		{DA6CD3EB-C300-44B1-BDEA-4A7EAB070FC7}.Release|Any CPU.ActiveCfg = Release|Any CPU
		{DA6CD3EB-C300-44B1-BDEA-4A7EAB070FC7}.Release|Any CPU.Build.0 = Release|Any CPU
		{DA6CD3EB-C300-44B1-BDEA-4A7EAB070FC7}.Release|ARM.ActiveCfg = Release|Any CPU
		{DA6CD3EB-C300-44B1-BDEA-4A7EAB070FC7}.Release|ARM.Build.0 = Release|Any CPU
		{DA6CD3EB-C300-44B1-BDEA-4A7EAB070FC7}.Release|x64.ActiveCfg = Release|Any CPU
		{DA6CD3EB-C300-44B1-BDEA-4A7EAB070FC7}.Release|x64.Build.0 = Release|Any CPU
		{DA6CD3EB-C300-44B1-BDEA-4A7EAB070FC7}.Release|x86.ActiveCfg = Release|Any CPU
		{DA6CD3EB-C300-44B1-BDEA-4A7EAB070FC7}.Release|x86.Build.0 = Release|Any CPU
		{BAF84089-5842-4140-B0A2-F0A84C2B73A8}.Debug|Any CPU.ActiveCfg = Debug|Any CPU
		{BAF84089-5842-4140-B0A2-F0A84C2B73A8}.Debug|Any CPU.Build.0 = Debug|Any CPU
		{BAF84089-5842-4140-B0A2-F0A84C2B73A8}.Debug|ARM.ActiveCfg = Debug|Any CPU
		{BAF84089-5842-4140-B0A2-F0A84C2B73A8}.Debug|ARM.Build.0 = Debug|Any CPU
		{BAF84089-5842-4140-B0A2-F0A84C2B73A8}.Debug|x64.ActiveCfg = Debug|Any CPU
		{BAF84089-5842-4140-B0A2-F0A84C2B73A8}.Debug|x64.Build.0 = Debug|Any CPU
		{BAF84089-5842-4140-B0A2-F0A84C2B73A8}.Debug|x86.ActiveCfg = Debug|Any CPU
		{BAF84089-5842-4140-B0A2-F0A84C2B73A8}.Debug|x86.Build.0 = Debug|Any CPU
		{BAF84089-5842-4140-B0A2-F0A84C2B73A8}.Release|Any CPU.ActiveCfg = Release|Any CPU
		{BAF84089-5842-4140-B0A2-F0A84C2B73A8}.Release|Any CPU.Build.0 = Release|Any CPU
		{BAF84089-5842-4140-B0A2-F0A84C2B73A8}.Release|ARM.ActiveCfg = Release|Any CPU
		{BAF84089-5842-4140-B0A2-F0A84C2B73A8}.Release|ARM.Build.0 = Release|Any CPU
		{BAF84089-5842-4140-B0A2-F0A84C2B73A8}.Release|x64.ActiveCfg = Release|Any CPU
		{BAF84089-5842-4140-B0A2-F0A84C2B73A8}.Release|x64.Build.0 = Release|Any CPU
		{BAF84089-5842-4140-B0A2-F0A84C2B73A8}.Release|x86.ActiveCfg = Release|Any CPU
		{BAF84089-5842-4140-B0A2-F0A84C2B73A8}.Release|x86.Build.0 = Release|Any CPU
		{E4A42A49-4710-42D4-B2F8-77309B42DAE7}.Debug|Any CPU.ActiveCfg = Debug|Any CPU
		{E4A42A49-4710-42D4-B2F8-77309B42DAE7}.Debug|Any CPU.Build.0 = Debug|Any CPU
		{E4A42A49-4710-42D4-B2F8-77309B42DAE7}.Debug|ARM.ActiveCfg = Debug|Any CPU
		{E4A42A49-4710-42D4-B2F8-77309B42DAE7}.Debug|ARM.Build.0 = Debug|Any CPU
		{E4A42A49-4710-42D4-B2F8-77309B42DAE7}.Debug|x64.ActiveCfg = Debug|Any CPU
		{E4A42A49-4710-42D4-B2F8-77309B42DAE7}.Debug|x64.Build.0 = Debug|Any CPU
		{E4A42A49-4710-42D4-B2F8-77309B42DAE7}.Debug|x86.ActiveCfg = Debug|Any CPU
		{E4A42A49-4710-42D4-B2F8-77309B42DAE7}.Debug|x86.Build.0 = Debug|Any CPU
		{E4A42A49-4710-42D4-B2F8-77309B42DAE7}.Release|Any CPU.ActiveCfg = Release|Any CPU
		{E4A42A49-4710-42D4-B2F8-77309B42DAE7}.Release|Any CPU.Build.0 = Release|Any CPU
		{E4A42A49-4710-42D4-B2F8-77309B42DAE7}.Release|ARM.ActiveCfg = Release|Any CPU
		{E4A42A49-4710-42D4-B2F8-77309B42DAE7}.Release|ARM.Build.0 = Release|Any CPU
		{E4A42A49-4710-42D4-B2F8-77309B42DAE7}.Release|x64.ActiveCfg = Release|Any CPU
		{E4A42A49-4710-42D4-B2F8-77309B42DAE7}.Release|x64.Build.0 = Release|Any CPU
		{E4A42A49-4710-42D4-B2F8-77309B42DAE7}.Release|x86.ActiveCfg = Release|Any CPU
		{E4A42A49-4710-42D4-B2F8-77309B42DAE7}.Release|x86.Build.0 = Release|Any CPU
	EndGlobalSection
	GlobalSection(SolutionProperties) = preSolution
		HideSolutionNode = FALSE
	EndGlobalSection
	GlobalSection(NestedProjects) = preSolution
		{BAF84089-5842-4140-B0A2-F0A84C2B73A8} = {221B99CE-A1E9-46C7-B15D-9D00C2C28829}
		{E4A42A49-4710-42D4-B2F8-77309B42DAE7} = {221B99CE-A1E9-46C7-B15D-9D00C2C28829}
	EndGlobalSection
	GlobalSection(ExtensibilityGlobals) = postSolution
		SolutionGuid = {D7D133FC-F337-4DB2-875A-B1CCA285F93F}
	EndGlobalSection
EndGlobal
